
Microsoft Visual Studio Solution File, Format Version 12.00
# Visual Studio 15
VisualStudioVersion = 15.0.27703.2047
MinimumVisualStudioVersion = 10.0.40219.1
Project("{9A19103F-16F7-4668-BE54-9A1E7A4F7556}") = "AuthenticationService", "AuthenticationService\AuthenticationService.csproj", "{E262FBC1-9CDE-47E6-9CA2-A99C702D13F2}"
EndProject
Project("{2150E333-8FDC-42A3-9474-1A3956D46DE8}") = "Services", "Services", "{93D2E2BF-B5F6-4175-BF78-23D46B244803}"
EndProject
Project("{2150E333-8FDC-42A3-9474-1A3956D46DE8}") = "CrossCutting", "CrossCutting", "{43E8A7F9-CCB6-43CB-9578-A50097705E44}"
EndProject
Project("{9A19103F-16F7-4668-BE54-9A1E7A4F7556}") = "CrossCutting.AspNetCore.ReturnTypes", "CrossCutting\CrossCutting.AspNetCore.ReturnTypes\CrossCutting.AspNetCore.ReturnTypes.csproj", "{9936D6FE-044B-4705-9AF3-BC33BE9F9E5D}"
EndProject
Project("{9A19103F-16F7-4668-BE54-9A1E7A4F7556}") = "CrossCutting.Authentication", "CrossCutting\CrossCutting.Authentication\CrossCutting.Authentication.csproj", "{E7A6B07E-1477-4CCF-AD64-87ABBB4570B8}"
EndProject
Project("{9A19103F-16F7-4668-BE54-9A1E7A4F7556}") = "CrossCutting.Data", "CrossCutting\CrossCutting.Data\CrossCutting.Data.csproj", "{C7266815-DDFD-4224-9F68-BDA7610EC8F9}"
EndProject
Project("{9A19103F-16F7-4668-BE54-9A1E7A4F7556}") = "APIGateway", "APIGateway\APIGateway.csproj", "{21003E91-EEBB-4967-9C55-4A0E533A1EC2}"
EndProject
Project("{9A19103F-16F7-4668-BE54-9A1E7A4F7556}") = "BalanceService", "BalanceService\BalanceService.csproj", "{C8ED6F10-4DF4-4FA6-9694-226ACC57DF01}"
EndProject
Project("{E53339B2-1760-4266-BCC7-CA923CBCF16C}") = "docker-compose", "docker-compose.dcproj", "{8E9EEBE4-0310-4E8F-A26D-829EC6CCD547}"
EndProject
Project("{FAE04EC0-301F-11D3-BF4B-00C04F79EFBC}") = "CrossCutting.Exceptions", "..\CrossCutting.Exceptions\CrossCutting.Exceptions.csproj", "{E968765E-E191-418D-9887-000174329215}"
EndProject
Project("{FAE04EC0-301F-11D3-BF4B-00C04F79EFBC}") = "CrossCutting.Balance", "CrossCutting.Balance\CrossCutting.Balance.csproj", "{25E9EFD9-FE2C-4038-B3D2-10D3229CD776}"
EndProject
Global
	GlobalSection(SolutionConfigurationPlatforms) = preSolution
		Debug|Any CPU = Debug|Any CPU
		Release|Any CPU = Release|Any CPU
	EndGlobalSection
	GlobalSection(ProjectConfigurationPlatforms) = postSolution
		{E262FBC1-9CDE-47E6-9CA2-A99C702D13F2}.Debug|Any CPU.ActiveCfg = Debug|Any CPU
		{E262FBC1-9CDE-47E6-9CA2-A99C702D13F2}.Debug|Any CPU.Build.0 = Debug|Any CPU
		{E262FBC1-9CDE-47E6-9CA2-A99C702D13F2}.Release|Any CPU.ActiveCfg = Release|Any CPU
		{E262FBC1-9CDE-47E6-9CA2-A99C702D13F2}.Release|Any CPU.Build.0 = Release|Any CPU
		{9936D6FE-044B-4705-9AF3-BC33BE9F9E5D}.Debug|Any CPU.ActiveCfg = Debug|Any CPU
		{9936D6FE-044B-4705-9AF3-BC33BE9F9E5D}.Debug|Any CPU.Build.0 = Debug|Any CPU
		{9936D6FE-044B-4705-9AF3-BC33BE9F9E5D}.Release|Any CPU.ActiveCfg = Release|Any CPU
		{9936D6FE-044B-4705-9AF3-BC33BE9F9E5D}.Release|Any CPU.Build.0 = Release|Any CPU
		{E7A6B07E-1477-4CCF-AD64-87ABBB4570B8}.Debug|Any CPU.ActiveCfg = Debug|Any CPU
		{E7A6B07E-1477-4CCF-AD64-87ABBB4570B8}.Debug|Any CPU.Build.0 = Debug|Any CPU
		{E7A6B07E-1477-4CCF-AD64-87ABBB4570B8}.Release|Any CPU.ActiveCfg = Release|Any CPU
		{E7A6B07E-1477-4CCF-AD64-87ABBB4570B8}.Release|Any CPU.Build.0 = Release|Any CPU
		{C7266815-DDFD-4224-9F68-BDA7610EC8F9}.Debug|Any CPU.ActiveCfg = Debug|Any CPU
		{C7266815-DDFD-4224-9F68-BDA7610EC8F9}.Debug|Any CPU.Build.0 = Debug|Any CPU
		{C7266815-DDFD-4224-9F68-BDA7610EC8F9}.Release|Any CPU.ActiveCfg = Release|Any CPU
		{C7266815-DDFD-4224-9F68-BDA7610EC8F9}.Release|Any CPU.Build.0 = Release|Any CPU
		{21003E91-EEBB-4967-9C55-4A0E533A1EC2}.Debug|Any CPU.ActiveCfg = Debug|Any CPU
		{21003E91-EEBB-4967-9C55-4A0E533A1EC2}.Debug|Any CPU.Build.0 = Debug|Any CPU
		{21003E91-EEBB-4967-9C55-4A0E533A1EC2}.Release|Any CPU.ActiveCfg = Release|Any CPU
		{21003E91-EEBB-4967-9C55-4A0E533A1EC2}.Release|Any CPU.Build.0 = Release|Any CPU
		{C8ED6F10-4DF4-4FA6-9694-226ACC57DF01}.Debug|Any CPU.ActiveCfg = Debug|Any CPU
		{C8ED6F10-4DF4-4FA6-9694-226ACC57DF01}.Debug|Any CPU.Build.0 = Debug|Any CPU
		{C8ED6F10-4DF4-4FA6-9694-226ACC57DF01}.Release|Any CPU.ActiveCfg = Release|Any CPU
		{C8ED6F10-4DF4-4FA6-9694-226ACC57DF01}.Release|Any CPU.Build.0 = Release|Any CPU
		{8E9EEBE4-0310-4E8F-A26D-829EC6CCD547}.Debug|Any CPU.ActiveCfg = Debug|Any CPU
		{8E9EEBE4-0310-4E8F-A26D-829EC6CCD547}.Debug|Any CPU.Build.0 = Debug|Any CPU
		{8E9EEBE4-0310-4E8F-A26D-829EC6CCD547}.Release|Any CPU.ActiveCfg = Release|Any CPU
		{8E9EEBE4-0310-4E8F-A26D-829EC6CCD547}.Release|Any CPU.Build.0 = Release|Any CPU
		{E968765E-E191-418D-9887-000174329215}.Debug|Any CPU.ActiveCfg = Debug|Any CPU
		{E968765E-E191-418D-9887-000174329215}.Debug|Any CPU.Build.0 = Debug|Any CPU
		{E968765E-E191-418D-9887-000174329215}.Release|Any CPU.ActiveCfg = Release|Any CPU
		{E968765E-E191-418D-9887-000174329215}.Release|Any CPU.Build.0 = Release|Any CPU
		{25E9EFD9-FE2C-4038-B3D2-10D3229CD776}.Debug|Any CPU.ActiveCfg = Debug|Any CPU
		{25E9EFD9-FE2C-4038-B3D2-10D3229CD776}.Debug|Any CPU.Build.0 = Debug|Any CPU
		{25E9EFD9-FE2C-4038-B3D2-10D3229CD776}.Release|Any CPU.ActiveCfg = Release|Any CPU
		{25E9EFD9-FE2C-4038-B3D2-10D3229CD776}.Release|Any CPU.Build.0 = Release|Any CPU
	EndGlobalSection
	GlobalSection(SolutionProperties) = preSolution
		HideSolutionNode = FALSE
	EndGlobalSection
	GlobalSection(NestedProjects) = preSolution
		{E262FBC1-9CDE-47E6-9CA2-A99C702D13F2} = {93D2E2BF-B5F6-4175-BF78-23D46B244803}
		{9936D6FE-044B-4705-9AF3-BC33BE9F9E5D} = {43E8A7F9-CCB6-43CB-9578-A50097705E44}
		{E7A6B07E-1477-4CCF-AD64-87ABBB4570B8} = {43E8A7F9-CCB6-43CB-9578-A50097705E44}
		{C7266815-DDFD-4224-9F68-BDA7610EC8F9} = {43E8A7F9-CCB6-43CB-9578-A50097705E44}
		{21003E91-EEBB-4967-9C55-4A0E533A1EC2} = {93D2E2BF-B5F6-4175-BF78-23D46B244803}
		{C8ED6F10-4DF4-4FA6-9694-226ACC57DF01} = {93D2E2BF-B5F6-4175-BF78-23D46B244803}
		{E968765E-E191-418D-9887-000174329215} = {43E8A7F9-CCB6-43CB-9578-A50097705E44}
		{25E9EFD9-FE2C-4038-B3D2-10D3229CD776} = {43E8A7F9-CCB6-43CB-9578-A50097705E44}
	EndGlobalSection
	GlobalSection(ExtensibilityGlobals) = postSolution
		SolutionGuid = {FC133907-6612-457A-8DF5-30929E01665E}
	EndGlobalSection
EndGlobal
