
Microsoft Visual Studio Solution File, Format Version 12.00
# Visual Studio 15
VisualStudioVersion = 15.0.27703.2047
MinimumVisualStudioVersion = 10.0.40219.1
Project("{2150E333-8FDC-42A3-9474-1A3956D46DE8}") = "Services", "Services", "{93D2E2BF-B5F6-4175-BF78-23D46B244803}"
EndProject
Project("{2150E333-8FDC-42A3-9474-1A3956D46DE8}") = "CrossCutting", "CrossCutting", "{43E8A7F9-CCB6-43CB-9578-A50097705E44}"
EndProject
Project("{9A19103F-16F7-4668-BE54-9A1E7A4F7556}") = "CrossCutting.AspNetCore.ReturnTypes", "CrossCutting\CrossCutting.AspNetCore.ReturnTypes\CrossCutting.AspNetCore.ReturnTypes.csproj", "{9936D6FE-044B-4705-9AF3-BC33BE9F9E5D}"
EndProject
Project("{9A19103F-16F7-4668-BE54-9A1E7A4F7556}") = "CrossCutting.Authentication", "CrossCutting\CrossCutting.Authentication\CrossCutting.Authentication.csproj", "{E7A6B07E-1477-4CCF-AD64-87ABBB4570B8}"
EndProject
Project("{9A19103F-16F7-4668-BE54-9A1E7A4F7556}") = "CrossCutting.Data", "CrossCutting\CrossCutting.Data\CrossCutting.Data.csproj", "{C7266815-DDFD-4224-9F68-BDA7610EC8F9}"
EndProject
Project("{E53339B2-1760-4266-BCC7-CA923CBCF16C}") = "docker-compose", "docker-compose.dcproj", "{8E9EEBE4-0310-4E8F-A26D-829EC6CCD547}"
EndProject
Project("{9A19103F-16F7-4668-BE54-9A1E7A4F7556}") = "CrossCutting.Exceptions", "..\CrossCutting.Exceptions\CrossCutting.Exceptions.csproj", "{E968765E-E191-418D-9887-000174329215}"
EndProject
Project("{9A19103F-16F7-4668-BE54-9A1E7A4F7556}") = "CrossCutting.Balance", "CrossCutting\CrossCutting.Balance\CrossCutting.Balance.csproj", "{E14A26D8-F5E5-4217-9A33-CAF2CE831AD1}"
EndProject
Project("{9A19103F-16F7-4668-BE54-9A1E7A4F7556}") = "APIGateway", "Services\APIGateway\APIGateway.csproj", "{EBCD5084-D2BE-4817-9D14-A8DFD98D0453}"
EndProject
Project("{9A19103F-16F7-4668-BE54-9A1E7A4F7556}") = "AuthenticationService", "Services\AuthenticationService\AuthenticationService.csproj", "{94255011-53EC-4897-8E57-5C0A5CED648B}"
EndProject
Project("{9A19103F-16F7-4668-BE54-9A1E7A4F7556}") = "BalanceService", "Services\BalanceService\BalanceService.csproj", "{0F59EEBC-CA89-4CD9-A845-F8E780D8CD96}"
EndProject
Global
	GlobalSection(SolutionConfigurationPlatforms) = preSolution
		Debug|Any CPU = Debug|Any CPU
		Release|Any CPU = Release|Any CPU
	EndGlobalSection
	GlobalSection(ProjectConfigurationPlatforms) = postSolution
		{9936D6FE-044B-4705-9AF3-BC33BE9F9E5D}.Debug|Any CPU.ActiveCfg = Debug|Any CPU
		{9936D6FE-044B-4705-9AF3-BC33BE9F9E5D}.Debug|Any CPU.Build.0 = Debug|Any CPU
		{9936D6FE-044B-4705-9AF3-BC33BE9F9E5D}.Release|Any CPU.ActiveCfg = Release|Any CPU
		{9936D6FE-044B-4705-9AF3-BC33BE9F9E5D}.Release|Any CPU.Build.0 = Release|Any CPU
		{E7A6B07E-1477-4CCF-AD64-87ABBB4570B8}.Debug|Any CPU.ActiveCfg = Debug|Any CPU
		{E7A6B07E-1477-4CCF-AD64-87ABBB4570B8}.Debug|Any CPU.Build.0 = Debug|Any CPU
		{E7A6B07E-1477-4CCF-AD64-87ABBB4570B8}.Release|Any CPU.ActiveCfg = Release|Any CPU
		{E7A6B07E-1477-4CCF-AD64-87ABBB4570B8}.Release|Any CPU.Build.0 = Release|Any CPU
		{C7266815-DDFD-4224-9F68-BDA7610EC8F9}.Debug|Any CPU.ActiveCfg = Debug|Any CPU
		{C7266815-DDFD-4224-9F68-BDA7610EC8F9}.Debug|Any CPU.Build.0 = Debug|Any CPU
		{C7266815-DDFD-4224-9F68-BDA7610EC8F9}.Release|Any CPU.ActiveCfg = Release|Any CPU
		{C7266815-DDFD-4224-9F68-BDA7610EC8F9}.Release|Any CPU.Build.0 = Release|Any CPU
		{8E9EEBE4-0310-4E8F-A26D-829EC6CCD547}.Debug|Any CPU.ActiveCfg = Debug|Any CPU
		{8E9EEBE4-0310-4E8F-A26D-829EC6CCD547}.Debug|Any CPU.Build.0 = Debug|Any CPU
		{8E9EEBE4-0310-4E8F-A26D-829EC6CCD547}.Release|Any CPU.ActiveCfg = Release|Any CPU
		{8E9EEBE4-0310-4E8F-A26D-829EC6CCD547}.Release|Any CPU.Build.0 = Release|Any CPU
		{E968765E-E191-418D-9887-000174329215}.Debug|Any CPU.ActiveCfg = Debug|Any CPU
		{E968765E-E191-418D-9887-000174329215}.Debug|Any CPU.Build.0 = Debug|Any CPU
		{E968765E-E191-418D-9887-000174329215}.Release|Any CPU.ActiveCfg = Release|Any CPU
		{E968765E-E191-418D-9887-000174329215}.Release|Any CPU.Build.0 = Release|Any CPU
		{E14A26D8-F5E5-4217-9A33-CAF2CE831AD1}.Debug|Any CPU.ActiveCfg = Debug|Any CPU
		{E14A26D8-F5E5-4217-9A33-CAF2CE831AD1}.Debug|Any CPU.Build.0 = Debug|Any CPU
		{E14A26D8-F5E5-4217-9A33-CAF2CE831AD1}.Release|Any CPU.ActiveCfg = Release|Any CPU
		{E14A26D8-F5E5-4217-9A33-CAF2CE831AD1}.Release|Any CPU.Build.0 = Release|Any CPU
		{EBCD5084-D2BE-4817-9D14-A8DFD98D0453}.Debug|Any CPU.ActiveCfg = Debug|Any CPU
		{EBCD5084-D2BE-4817-9D14-A8DFD98D0453}.Debug|Any CPU.Build.0 = Debug|Any CPU
		{EBCD5084-D2BE-4817-9D14-A8DFD98D0453}.Release|Any CPU.ActiveCfg = Release|Any CPU
		{EBCD5084-D2BE-4817-9D14-A8DFD98D0453}.Release|Any CPU.Build.0 = Release|Any CPU
		{94255011-53EC-4897-8E57-5C0A5CED648B}.Debug|Any CPU.ActiveCfg = Debug|Any CPU
		{94255011-53EC-4897-8E57-5C0A5CED648B}.Debug|Any CPU.Build.0 = Debug|Any CPU
		{94255011-53EC-4897-8E57-5C0A5CED648B}.Release|Any CPU.ActiveCfg = Release|Any CPU
		{94255011-53EC-4897-8E57-5C0A5CED648B}.Release|Any CPU.Build.0 = Release|Any CPU
		{0F59EEBC-CA89-4CD9-A845-F8E780D8CD96}.Debug|Any CPU.ActiveCfg = Debug|Any CPU
		{0F59EEBC-CA89-4CD9-A845-F8E780D8CD96}.Debug|Any CPU.Build.0 = Debug|Any CPU
		{0F59EEBC-CA89-4CD9-A845-F8E780D8CD96}.Release|Any CPU.ActiveCfg = Release|Any CPU
		{0F59EEBC-CA89-4CD9-A845-F8E780D8CD96}.Release|Any CPU.Build.0 = Release|Any CPU
	EndGlobalSection
	GlobalSection(SolutionProperties) = preSolution
		HideSolutionNode = FALSE
	EndGlobalSection
	GlobalSection(NestedProjects) = preSolution
		{9936D6FE-044B-4705-9AF3-BC33BE9F9E5D} = {43E8A7F9-CCB6-43CB-9578-A50097705E44}
		{E7A6B07E-1477-4CCF-AD64-87ABBB4570B8} = {43E8A7F9-CCB6-43CB-9578-A50097705E44}
		{C7266815-DDFD-4224-9F68-BDA7610EC8F9} = {43E8A7F9-CCB6-43CB-9578-A50097705E44}
		{E968765E-E191-418D-9887-000174329215} = {43E8A7F9-CCB6-43CB-9578-A50097705E44}
		{E14A26D8-F5E5-4217-9A33-CAF2CE831AD1} = {43E8A7F9-CCB6-43CB-9578-A50097705E44}
		{EBCD5084-D2BE-4817-9D14-A8DFD98D0453} = {93D2E2BF-B5F6-4175-BF78-23D46B244803}
		{94255011-53EC-4897-8E57-5C0A5CED648B} = {93D2E2BF-B5F6-4175-BF78-23D46B244803}
		{0F59EEBC-CA89-4CD9-A845-F8E780D8CD96} = {93D2E2BF-B5F6-4175-BF78-23D46B244803}
	EndGlobalSection
	GlobalSection(ExtensibilityGlobals) = postSolution
		SolutionGuid = {FC133907-6612-457A-8DF5-30929E01665E}
	EndGlobalSection
EndGlobal
